
Microsoft Visual Studio Solution File, Format Version 12.00
# Visual Studio Version 16
VisualStudioVersion = 16.0.29613.14
MinimumVisualStudioVersion = 10.0.40219.1
Project("{FAE04EC0-301F-11D3-BF4B-00C04F79EFBC}") = "dotnet-openshift", "dotnet-openshift\dotnet-openshift.csproj", "{2FBF62AB-6DB4-4393-98C9-BF6FD065703F}"
EndProject
Global
	GlobalSection(SolutionConfigurationPlatforms) = preSolution
		Debug|Any CPU = Debug|Any CPU
		Release|Any CPU = Release|Any CPU
	EndGlobalSection
	GlobalSection(ProjectConfigurationPlatforms) = postSolution
		{2FBF62AB-6DB4-4393-98C9-BF6FD065703F}.Debug|Any CPU.ActiveCfg = Debug|Any CPU
		{2FBF62AB-6DB4-4393-98C9-BF6FD065703F}.Debug|Any CPU.Build.0 = Debug|Any CPU
		{2FBF62AB-6DB4-4393-98C9-BF6FD065703F}.Release|Any CPU.ActiveCfg = Release|Any CPU
		{2FBF62AB-6DB4-4393-98C9-BF6FD065703F}.Release|Any CPU.Build.0 = Release|Any CPU
	EndGlobalSection
	GlobalSection(SolutionProperties) = preSolution
		HideSolutionNode = FALSE
	EndGlobalSection
	GlobalSection(ExtensibilityGlobals) = postSolution
		SolutionGuid = {3065A613-C0BB-468D-AD48-C3013C4A510A}
	EndGlobalSection
EndGlobal
